[root]
name = "rust-media-example"
version = "0.1.0"
dependencies = [
 "rust-media 0.1.0",
 "sdl2 0.24.0 (git+https://github.com/AngryLawyer/rust-sdl2?rev=62e08b3d4d0a043215165231cd093964260c4510)",
]

[[package]]
name = "bitflags"
version = "0.6.0"
source = "registry+https://github.com/rust-lang/crates.io-index"

[[package]]
name = "byteorder"
version = "0.5.3"
source = "registry+https://github.com/rust-lang/crates.io-index"

[[package]]
name = "core-foundation"
version = "0.2.2"
source = "git+https://github.com/servo/rust-core-foundation#2806eb863a1e18c7c0a6598c946dfaf69923b2f9"
dependencies = [
 "core-foundation-sys 0.2.2 (git+https://github.com/servo/rust-core-foundation)",
 "libc 0.2.16 (registry+https://github.com/rust-lang/crates.io-index)",
]

[[package]]
name = "core-foundation-sys"
version = "0.2.2"
source = "git+https://github.com/servo/rust-core-foundation#2806eb863a1e18c7c0a6598c946dfaf69923b2f9"
dependencies = [
 "libc 0.2.16 (registry+https://github.com/rust-lang/crates.io-index)",
]

[[package]]
name = "giflib-sys"
version = "0.1.0"
source = "git+https://github.com/pcwalton/giflib#6f3682de31b80d79429edcb8538082908b99331e"

[[package]]
name = "kernel32-sys"
version = "0.2.2"
source = "registry+https://github.com/rust-lang/crates.io-index"
dependencies = [
 "winapi 0.2.8 (registry+https://github.com/rust-lang/crates.io-index)",
 "winapi-build 0.1.1 (registry+https://github.com/rust-lang/crates.io-index)",
]

[[package]]
name = "lazy_static"
version = "0.2.1"
source = "registry+https://github.com/rust-lang/crates.io-index"

[[package]]
name = "lewton"
version = "0.4.0"
source = "registry+https://github.com/rust-lang/crates.io-index"
dependencies = [
 "byteorder 0.5.3 (registry+https://github.com/rust-lang/crates.io-index)",
]

[[package]]
name = "libc"
version = "0.2.16"
source = "registry+https://github.com/rust-lang/crates.io-index"

[[package]]
name = "libvpx-sys"
version = "0.1.0"
source = "git+https://github.com/pcwalton/libvpx?branch=servo#3492c9d01dad901e6ba61e26bdb3bb817799db21"

[[package]]
name = "libwebm-sys"
version = "0.1.0"
source = "git+https://github.com/pcwalton/libwebm?branch=servo#a730c14fab6f39784bdacf25afdfa6e99cbbce9b"

[[package]]
name = "mp4v2-sys"
version = "0.1.0"
source = "git+https://github.com/pcwalton/mp4v2?branch=servo#a6d29cd629e1021cc520c5a27fb873c231f5968a"

[[package]]
name = "num"
version = "0.1.36"
source = "registry+https://github.com/rust-lang/crates.io-index"
dependencies = [
 "num-bigint 0.1.35 (registry+https://github.com/rust-lang/crates.io-index)",
 "num-complex 0.1.35 (registry+https://github.com/rust-lang/crates.io-index)",
 "num-integer 0.1.32 (registry+https://github.com/rust-lang/crates.io-index)",
 "num-iter 0.1.32 (registry+https://github.com/rust-lang/crates.io-index)",
 "num-rational 0.1.35 (registry+https://github.com/rust-lang/crates.io-index)",
 "num-traits 0.1.36 (registry+https://github.com/rust-lang/crates.io-index)",
]

[[package]]
name = "num-bigint"
version = "0.1.35"
source = "registry+https://github.com/rust-lang/crates.io-index"
dependencies = [
 "num-integer 0.1.32 (registry+https://github.com/rust-lang/crates.io-index)",
 "num-traits 0.1.36 (registry+https://github.com/rust-lang/crates.io-index)",
 "rand 0.3.14 (registry+https://github.com/rust-lang/crates.io-index)",
 "rustc-serialize 0.3.19 (registry+https://github.com/rust-lang/crates.io-index)",
]

[[package]]
name = "num-complex"
version = "0.1.35"
source = "registry+https://github.com/rust-lang/crates.io-index"
dependencies = [
 "num-traits 0.1.36 (registry+https://github.com/rust-lang/crates.io-index)",
 "rustc-serialize 0.3.19 (registry+https://github.com/rust-lang/crates.io-index)",
]

[[package]]
name = "num-integer"
version = "0.1.32"
source = "registry+https://github.com/rust-lang/crates.io-index"
dependencies = [
 "num-traits 0.1.36 (registry+https://github.com/rust-lang/crates.io-index)",
]

[[package]]
name = "num-iter"
version = "0.1.32"
source = "registry+https://github.com/rust-lang/crates.io-index"
dependencies = [
 "num-integer 0.1.32 (registry+https://github.com/rust-lang/crates.io-index)",
 "num-traits 0.1.36 (registry+https://github.com/rust-lang/crates.io-index)",
]

[[package]]
name = "num-macros"
version = "0.1.36"
source = "registry+https://github.com/rust-lang/crates.io-index"

[[package]]
name = "num-rational"
version = "0.1.35"
source = "registry+https://github.com/rust-lang/crates.io-index"
dependencies = [
 "num-bigint 0.1.35 (registry+https://github.com/rust-lang/crates.io-index)",
 "num-integer 0.1.32 (registry+https://github.com/rust-lang/crates.io-index)",
 "num-traits 0.1.36 (registry+https://github.com/rust-lang/crates.io-index)",
 "rustc-serialize 0.3.19 (registry+https://github.com/rust-lang/crates.io-index)",
]

[[package]]
name = "num-traits"
version = "0.1.36"
source = "registry+https://github.com/rust-lang/crates.io-index"

[[package]]
name = "ogg-sys"
version = "0.1.0"
source = "git+https://github.com/pcwalton/ogg?branch=servo#c6b10c9b337bb68596f9c096c087f657b3b26ab5"

[[package]]
name = "rand"
version = "0.3.14"
source = "registry+https://github.com/rust-lang/crates.io-index"
dependencies = [
 "libc 0.2.16 (registry+https://github.com/rust-lang/crates.io-index)",
]

[[package]]
name = "rust-media"
version = "0.1.0"
dependencies = [
 "byteorder 0.5.3 (registry+https://github.com/rust-lang/crates.io-index)",
 "core-foundation 0.2.2 (git+https://github.com/servo/rust-core-foundation)",
 "giflib-sys 0.1.0 (git+https://github.com/pcwalton/giflib)",
 "lewton 0.4.0 (registry+https://github.com/rust-lang/crates.io-index)",
 "libvpx-sys 0.1.0 (git+https://github.com/pcwalton/libvpx?branch=servo)",
 "libwebm-sys 0.1.0 (git+https://github.com/pcwalton/libwebm?branch=servo)",
 "mp4v2-sys 0.1.0 (git+https://github.com/pcwalton/mp4v2?branch=servo)",
 "num 0.1.36 (registry+https://github.com/rust-lang/crates.io-index)",
 "num-macros 0.1.36 (registry+https://github.com/rust-lang/crates.io-index)",
 "ogg-sys 0.1.0 (git+https://github.com/pcwalton/ogg?branch=servo)",
 "time 0.1.35 (registry+https://github.com/rust-lang/crates.io-index)",
]

[[package]]
name = "rustc-serialize"
version = "0.3.19"
source = "registry+https://github.com/rust-lang/crates.io-index"

[[package]]
name = "sdl2"
version = "0.24.0"
source = "git+https://github.com/AngryLawyer/rust-sdl2?rev=62e08b3d4d0a043215165231cd093964260c4510#62e08b3d4d0a043215165231cd093964260c4510"
dependencies = [
 "bitflags 0.6.0 (registry+https://github.com/rust-lang/crates.io-index)",
 "lazy_static 0.2.1 (registry+https://github.com/rust-lang/crates.io-index)",
 "libc 0.2.16 (registry+https://github.com/rust-lang/crates.io-index)",
 "num 0.1.36 (registry+https://github.com/rust-lang/crates.io-index)",
 "rand 0.3.14 (registry+https://github.com/rust-lang/crates.io-index)",
 "sdl2-sys 0.24.0 (git+https://github.com/AngryLawyer/rust-sdl2?rev=62e08b3d4d0a043215165231cd093964260c4510)",
]

[[package]]
name = "sdl2-sys"
version = "0.24.0"
source = "git+https://github.com/AngryLawyer/rust-sdl2?rev=62e08b3d4d0a043215165231cd093964260c4510#62e08b3d4d0a043215165231cd093964260c4510"
dependencies = [
 "libc 0.2.16 (registry+https://github.com/rust-lang/crates.io-index)",
]

[[package]]
name = "time"
version = "0.1.35"
source = "registry+https://github.com/rust-lang/crates.io-index"
dependencies = [
 "kernel32-sys 0.2.2 (registry+https://github.com/rust-lang/crates.io-index)",
 "libc 0.2.16 (registry+https://github.com/rust-lang/crates.io-index)",
 "winapi 0.2.8 (registry+https://github.com/rust-lang/crates.io-index)",
]

[[package]]
name = "winapi"
version = "0.2.8"
source = "registry+https://github.com/rust-lang/crates.io-index"

[[package]]
name = "winapi-build"
version = "0.1.1"
source = "registry+https://github.com/rust-lang/crates.io-index"

[metadata]
"checksum bitflags 0.6.0 (registry+https://github.com/rust-lang/crates.io-index)" = "72cd7314bd4ee024071241147222c706e80385a1605ac7d4cd2fcc339da2ae46"
"checksum byteorder 0.5.3 (registry+https://github.com/rust-lang/crates.io-index)" = "0fc10e8cc6b2580fda3f36eb6dc5316657f812a3df879a44a66fc9f0fdbc4855"
"checksum core-foundation 0.2.2 (git+https://github.com/servo/rust-core-foundation)" = "<none>"
"checksum core-foundation-sys 0.2.2 (git+https://github.com/servo/rust-core-foundation)" = "<none>"
"checksum giflib-sys 0.1.0 (git+https://github.com/pcwalton/giflib)" = "<none>"
"checksum kernel32-sys 0.2.2 (registry+https://github.com/rust-lang/crates.io-index)" = "7507624b29483431c0ba2d82aece8ca6cdba9382bff4ddd0f7490560c056098d"
"checksum lazy_static 0.2.1 (registry+https://github.com/rust-lang/crates.io-index)" = "49247ec2a285bb3dcb23cbd9c35193c025e7251bfce77c1d5da97e6362dffe7f"
"checksum lewton 0.4.0 (registry+https://github.com/rust-lang/crates.io-index)" = "bc51bb49b92a1a7ab1739bb8c3fe5c96d9509a91683039c2c1f20da3a3c3faf5"
"checksum libc 0.2.16 (registry+https://github.com/rust-lang/crates.io-index)" = "408014cace30ee0f767b1c4517980646a573ec61a57957aeeabcac8ac0a02e8d"
"checksum libvpx-sys 0.1.0 (git+https://github.com/pcwalton/libvpx?branch=servo)" = "<none>"
"checksum libwebm-sys 0.1.0 (git+https://github.com/pcwalton/libwebm?branch=servo)" = "<none>"
"checksum mp4v2-sys 0.1.0 (git+https://github.com/pcwalton/mp4v2?branch=servo)" = "<none>"
"checksum num 0.1.36 (registry+https://github.com/rust-lang/crates.io-index)" = "bde7c03b09e7c6a301ee81f6ddf66d7a28ec305699e3d3b056d2fc56470e3120"
"checksum num-bigint 0.1.35 (registry+https://github.com/rust-lang/crates.io-index)" = "88b14378471f7c2adc5262f05b4701ef53e8da376453a8d8fee48e51db745e49"
"checksum num-complex 0.1.35 (registry+https://github.com/rust-lang/crates.io-index)" = "f0c78e054dd19c3fd03419ade63fa661e9c49bb890ce3beb4eee5b7baf93f92f"
"checksum num-integer 0.1.32 (registry+https://github.com/rust-lang/crates.io-index)" = "fb24d9bfb3f222010df27995441ded1e954f8f69cd35021f6bef02ca9552fb92"
"checksum num-iter 0.1.32 (registry+https://github.com/rust-lang/crates.io-index)" = "287a1c9969a847055e1122ec0ea7a5c5d6f72aad97934e131c83d5c08ab4e45c"
"checksum num-macros 0.1.36 (registry+https://github.com/rust-lang/crates.io-index)" = "260f43d0e7e6bb0d4360f356a45a5f53fd4153ef1583b656b6ff35b7dae9cf0a"
"checksum num-rational 0.1.35 (registry+https://github.com/rust-lang/crates.io-index)" = "54ff603b8334a72fbb27fe66948aac0abaaa40231b3cecd189e76162f6f38aaf"
"checksum num-traits 0.1.36 (registry+https://github.com/rust-lang/crates.io-index)" = "a16a42856a256b39c6d3484f097f6713e14feacd9bfb02290917904fae46c81c"
"checksum ogg-sys 0.1.0 (git+https://github.com/pcwalton/ogg?branch=servo)" = "<none>"
"checksum rand 0.3.14 (registry+https://github.com/rust-lang/crates.io-index)" = "2791d88c6defac799c3f20d74f094ca33b9332612d9aef9078519c82e4fe04a5"
"checksum rustc-serialize 0.3.19 (registry+https://github.com/rust-lang/crates.io-index)" = "6159e4e6e559c81bd706afe9c8fd68f547d3e851ce12e76b1de7914bab61691b"
"checksum sdl2 0.24.0 (git+https://github.com/AngryLawyer/rust-sdl2?rev=62e08b3d4d0a043215165231cd093964260c4510)" = "<none>"
"checksum sdl2-sys 0.24.0 (git+https://github.com/AngryLawyer/rust-sdl2?rev=62e08b3d4d0a043215165231cd093964260c4510)" = "<none>"
"checksum time 0.1.35 (registry+https://github.com/rust-lang/crates.io-index)" = "3c7ec6d62a20df54e07ab3b78b9a3932972f4b7981de295563686849eb3989af"
"checksum winapi 0.2.8 (registry+https://github.com/rust-lang/crates.io-index)" = "167dc9d6949a9b857f3451275e911c3f44255842c1f7a76f33c55103a909087a"
"checksum winapi-build 0.1.1 (registry+https://github.com/rust-lang/crates.io-index)" = "2d315eee3b34aca4797b2da6b13ed88266e6d612562a0c46390af8299fc699bc"
