[root]
name = "rust-media-example"
version = "0.1.0"
dependencies = [
 "libc 0.2.24 (registry+https://github.com/rust-lang/crates.io-index)",
 "log 0.3.8 (registry+https://github.com/rust-lang/crates.io-index)",
 "rust-media 0.1.0",
 "sdl2 0.24.0 (git+https://github.com/AngryLawyer/rust-sdl2?rev=62e08b3d4d0a043215165231cd093964260c4510)",
]

[[package]]
name = "bitflags"
version = "0.6.0"
source = "registry+https://github.com/rust-lang/crates.io-index"

[[package]]
name = "byteorder"
version = "1.0.0"
source = "registry+https://github.com/rust-lang/crates.io-index"

[[package]]
name = "core-foundation"
version = "0.4.1"
source = "git+https://github.com/servo/rust-core-foundation#4c380a67b4530b8cda028274b0edaff1ad452b4f"
dependencies = [
 "core-foundation-sys 0.4.1 (git+https://github.com/servo/rust-core-foundation)",
 "libc 0.2.24 (registry+https://github.com/rust-lang/crates.io-index)",
]

[[package]]
name = "core-foundation-sys"
version = "0.4.1"
source = "git+https://github.com/servo/rust-core-foundation#4c380a67b4530b8cda028274b0edaff1ad452b4f"
dependencies = [
 "libc 0.2.24 (registry+https://github.com/rust-lang/crates.io-index)",
]

[[package]]
name = "giflib-sys"
version = "0.1.0"
source = "git+https://github.com/pcwalton/giflib#6f3682de31b80d79429edcb8538082908b99331e"

[[package]]
name = "kernel32-sys"
version = "0.2.2"
source = "registry+https://github.com/rust-lang/crates.io-index"
dependencies = [
 "winapi 0.2.8 (registry+https://github.com/rust-lang/crates.io-index)",
 "winapi-build 0.1.1 (registry+https://github.com/rust-lang/crates.io-index)",
]

[[package]]
name = "lazy_static"
version = "0.2.8"
source = "registry+https://github.com/rust-lang/crates.io-index"

[[package]]
name = "lewton"
version = "0.6.2"
source = "registry+https://github.com/rust-lang/crates.io-index"
dependencies = [
 "byteorder 1.0.0 (registry+https://github.com/rust-lang/crates.io-index)",
]

[[package]]
name = "libc"
version = "0.2.24"
source = "registry+https://github.com/rust-lang/crates.io-index"

[[package]]
name = "libvpx-sys"
version = "0.1.0"
source = "git+https://github.com/pcwalton/libvpx?branch=servo#3765856c318dffed073d1802a3d4c5647823ba60"

[[package]]
name = "libwebm-sys"
version = "0.1.0"
source = "git+https://github.com/pcwalton/libwebm?branch=servo#a730c14fab6f39784bdacf25afdfa6e99cbbce9b"

[[package]]
name = "log"
version = "0.3.8"
source = "registry+https://github.com/rust-lang/crates.io-index"

[[package]]
name = "mp4v2-sys"
version = "0.1.0"
source = "git+https://github.com/pcwalton/mp4v2?branch=servo#a6d29cd629e1021cc520c5a27fb873c231f5968a"

[[package]]
name = "num"
version = "0.1.39"
source = "registry+https://github.com/rust-lang/crates.io-index"
dependencies = [
 "num-bigint 0.1.39 (registry+https://github.com/rust-lang/crates.io-index)",
 "num-complex 0.1.38 (registry+https://github.com/rust-lang/crates.io-index)",
 "num-integer 0.1.34 (registry+https://github.com/rust-lang/crates.io-index)",
 "num-iter 0.1.33 (registry+https://github.com/rust-lang/crates.io-index)",
 "num-rational 0.1.38 (registry+https://github.com/rust-lang/crates.io-index)",
 "num-traits 0.1.39 (registry+https://github.com/rust-lang/crates.io-index)",
]

[[package]]
name = "num-bigint"
version = "0.1.39"
source = "registry+https://github.com/rust-lang/crates.io-index"
dependencies = [
 "num-integer 0.1.34 (registry+https://github.com/rust-lang/crates.io-index)",
 "num-traits 0.1.39 (registry+https://github.com/rust-lang/crates.io-index)",
 "rand 0.3.15 (registry+https://github.com/rust-lang/crates.io-index)",
 "rustc-serialize 0.3.24 (registry+https://github.com/rust-lang/crates.io-index)",
]

[[package]]
name = "num-complex"
version = "0.1.38"
source = "registry+https://github.com/rust-lang/crates.io-index"
dependencies = [
 "num-traits 0.1.39 (registry+https://github.com/rust-lang/crates.io-index)",
 "rustc-serialize 0.3.24 (registry+https://github.com/rust-lang/crates.io-index)",
]

[[package]]
name = "num-derive"
version = "0.1.40"
source = "registry+https://github.com/rust-lang/crates.io-index"
dependencies = [
 "quote 0.1.4 (registry+https://github.com/rust-lang/crates.io-index)",
 "syn 0.7.1 (registry+https://github.com/rust-lang/crates.io-index)",
]

[[package]]
name = "num-integer"
version = "0.1.34"
source = "registry+https://github.com/rust-lang/crates.io-index"
dependencies = [
 "num-traits 0.1.39 (registry+https://github.com/rust-lang/crates.io-index)",
]

[[package]]
name = "num-iter"
version = "0.1.33"
source = "registry+https://github.com/rust-lang/crates.io-index"
dependencies = [
 "num-integer 0.1.34 (registry+https://github.com/rust-lang/crates.io-index)",
 "num-traits 0.1.39 (registry+https://github.com/rust-lang/crates.io-index)",
]

[[package]]
name = "num-rational"
version = "0.1.38"
source = "registry+https://github.com/rust-lang/crates.io-index"
dependencies = [
 "num-bigint 0.1.39 (registry+https://github.com/rust-lang/crates.io-index)",
 "num-integer 0.1.34 (registry+https://github.com/rust-lang/crates.io-index)",
 "num-traits 0.1.39 (registry+https://github.com/rust-lang/crates.io-index)",
 "rustc-serialize 0.3.24 (registry+https://github.com/rust-lang/crates.io-index)",
]

[[package]]
name = "num-traits"
version = "0.1.39"
source = "registry+https://github.com/rust-lang/crates.io-index"

[[package]]
name = "ogg-sys"
version = "0.1.0"
source = "git+https://github.com/pcwalton/ogg?branch=servo#c6b10c9b337bb68596f9c096c087f657b3b26ab5"

[[package]]
name = "quote"
version = "0.1.4"
source = "registry+https://github.com/rust-lang/crates.io-index"

[[package]]
name = "rand"
version = "0.3.15"
source = "registry+https://github.com/rust-lang/crates.io-index"
dependencies = [
 "libc 0.2.24 (registry+https://github.com/rust-lang/crates.io-index)",
]

[[package]]
name = "redox_syscall"
version = "0.1.18"
source = "registry+https://github.com/rust-lang/crates.io-index"

[[package]]
name = "rust-media"
version = "0.1.0"
dependencies = [
 "byteorder 1.0.0 (registry+https://github.com/rust-lang/crates.io-index)",
 "core-foundation 0.4.1 (git+https://github.com/servo/rust-core-foundation)",
 "giflib-sys 0.1.0 (git+https://github.com/pcwalton/giflib)",
 "lewton 0.6.2 (registry+https://github.com/rust-lang/crates.io-index)",
 "libc 0.2.24 (registry+https://github.com/rust-lang/crates.io-index)",
 "libvpx-sys 0.1.0 (git+https://github.com/pcwalton/libvpx?branch=servo)",
 "libwebm-sys 0.1.0 (git+https://github.com/pcwalton/libwebm?branch=servo)",
 "mp4v2-sys 0.1.0 (git+https://github.com/pcwalton/mp4v2?branch=servo)",
 "num 0.1.39 (registry+https://github.com/rust-lang/crates.io-index)",
 "num-derive 0.1.40 (registry+https://github.com/rust-lang/crates.io-index)",
 "ogg-sys 0.1.0 (git+https://github.com/pcwalton/ogg?branch=servo)",
 "time 0.1.37 (registry+https://github.com/rust-lang/crates.io-index)",
]

[[package]]
name = "rustc-serialize"
version = "0.3.24"
source = "registry+https://github.com/rust-lang/crates.io-index"

[[package]]
name = "sdl2"
version = "0.24.0"
source = "git+https://github.com/AngryLawyer/rust-sdl2?rev=62e08b3d4d0a043215165231cd093964260c4510#62e08b3d4d0a043215165231cd093964260c4510"
dependencies = [
 "bitflags 0.6.0 (registry+https://github.com/rust-lang/crates.io-index)",
 "lazy_static 0.2.8 (registry+https://github.com/rust-lang/crates.io-index)",
 "libc 0.2.24 (registry+https://github.com/rust-lang/crates.io-index)",
 "num 0.1.39 (registry+https://github.com/rust-lang/crates.io-index)",
 "rand 0.3.15 (registry+https://github.com/rust-lang/crates.io-index)",
 "sdl2-sys 0.24.0 (git+https://github.com/AngryLawyer/rust-sdl2?rev=62e08b3d4d0a043215165231cd093964260c4510)",
]

[[package]]
name = "sdl2-sys"
version = "0.24.0"
source = "git+https://github.com/AngryLawyer/rust-sdl2?rev=62e08b3d4d0a043215165231cd093964260c4510#62e08b3d4d0a043215165231cd093964260c4510"
dependencies = [
 "libc 0.2.24 (registry+https://github.com/rust-lang/crates.io-index)",
]

[[package]]
name = "syn"
version = "0.7.1"
source = "registry+https://github.com/rust-lang/crates.io-index"
dependencies = [
 "quote 0.1.4 (registry+https://github.com/rust-lang/crates.io-index)",
]

[[package]]
name = "time"
version = "0.1.37"
source = "registry+https://github.com/rust-lang/crates.io-index"
dependencies = [
 "kernel32-sys 0.2.2 (registry+https://github.com/rust-lang/crates.io-index)",
 "libc 0.2.24 (registry+https://github.com/rust-lang/crates.io-index)",
 "redox_syscall 0.1.18 (registry+https://github.com/rust-lang/crates.io-index)",
 "winapi 0.2.8 (registry+https://github.com/rust-lang/crates.io-index)",
]

[[package]]
name = "winapi"
version = "0.2.8"
source = "registry+https://github.com/rust-lang/crates.io-index"

[[package]]
name = "winapi-build"
version = "0.1.1"
source = "registry+https://github.com/rust-lang/crates.io-index"

[metadata]
"checksum bitflags 0.6.0 (registry+https://github.com/rust-lang/crates.io-index)" = "72cd7314bd4ee024071241147222c706e80385a1605ac7d4cd2fcc339da2ae46"
"checksum byteorder 1.0.0 (registry+https://github.com/rust-lang/crates.io-index)" = "c40977b0ee6b9885c9013cd41d9feffdd22deb3bb4dc3a71d901cc7a77de18c8"
"checksum core-foundation 0.4.1 (git+https://github.com/servo/rust-core-foundation)" = "<none>"
"checksum core-foundation-sys 0.4.1 (git+https://github.com/servo/rust-core-foundation)" = "<none>"
"checksum giflib-sys 0.1.0 (git+https://github.com/pcwalton/giflib)" = "<none>"
"checksum kernel32-sys 0.2.2 (registry+https://github.com/rust-lang/crates.io-index)" = "7507624b29483431c0ba2d82aece8ca6cdba9382bff4ddd0f7490560c056098d"
"checksum lazy_static 0.2.8 (registry+https://github.com/rust-lang/crates.io-index)" = "3b37545ab726dd833ec6420aaba8231c5b320814b9029ad585555d2a03e94fbf"
"checksum lewton 0.6.2 (registry+https://github.com/rust-lang/crates.io-index)" = "0de1cca3399919efa65ae7e01ed6696c961bd0fc9e844c05c80f90b638300bbf"
"checksum libc 0.2.24 (registry+https://github.com/rust-lang/crates.io-index)" = "38f5c2b18a287cf78b4097db62e20f43cace381dc76ae5c0a3073067f78b7ddc"
"checksum libvpx-sys 0.1.0 (git+https://github.com/pcwalton/libvpx?branch=servo)" = "<none>"
"checksum libwebm-sys 0.1.0 (git+https://github.com/pcwalton/libwebm?branch=servo)" = "<none>"
"checksum log 0.3.8 (registry+https://github.com/rust-lang/crates.io-index)" = "880f77541efa6e5cc74e76910c9884d9859683118839d6a1dc3b11e63512565b"
"checksum mp4v2-sys 0.1.0 (git+https://github.com/pcwalton/mp4v2?branch=servo)" = "<none>"
"checksum num 0.1.39 (registry+https://github.com/rust-lang/crates.io-index)" = "2c3a3dc9f30bf824141521b30c908a859ab190b76e20435fcd89f35eb6583887"
"checksum num-bigint 0.1.39 (registry+https://github.com/rust-lang/crates.io-index)" = "6361748d02e5291c72a422dc8ed4d8464a80cb1e618971f6fffe6d52d97e3286"
"checksum num-complex 0.1.38 (registry+https://github.com/rust-lang/crates.io-index)" = "412dfc143c56579aa6a22c574e38ddbf724522f1280ae2b257498cccff3fb6af"
"checksum num-derive 0.1.40 (registry+https://github.com/rust-lang/crates.io-index)" = "59b248a845e99168b97afe8a31f18aba69166b3a000c0d83c7145bcb76682755"
"checksum num-integer 0.1.34 (registry+https://github.com/rust-lang/crates.io-index)" = "ef1a4bf6f9174aa5783a9b4cc892cacd11aebad6c69ad027a0b65c6ca5f8aa37"
"checksum num-iter 0.1.33 (registry+https://github.com/rust-lang/crates.io-index)" = "f7d1891bd7b936f12349b7d1403761c8a0b85a18b148e9da4429d5d102c1a41e"
"checksum num-rational 0.1.38 (registry+https://github.com/rust-lang/crates.io-index)" = "33c881e104a26e1accc09449374c095ff2312c8e0c27fab7bbefe16eac7c776d"
"checksum num-traits 0.1.39 (registry+https://github.com/rust-lang/crates.io-index)" = "1708c0628602a98b52fad936cf3edb9a107af06e52e49fdf0707e884456a6af6"
"checksum ogg-sys 0.1.0 (git+https://github.com/pcwalton/ogg?branch=servo)" = "<none>"
"checksum quote 0.1.4 (registry+https://github.com/rust-lang/crates.io-index)" = "b0f1847d90ff21d41b08f7f9f8e82dff613c3e2c5ebc9f8a10aeee1a0c4d7d17"
"checksum rand 0.3.15 (registry+https://github.com/rust-lang/crates.io-index)" = "022e0636ec2519ddae48154b028864bdce4eaf7d35226ab8e65c611be97b189d"
"checksum redox_syscall 0.1.18 (registry+https://github.com/rust-lang/crates.io-index)" = "3041aeb6000db123d2c9c751433f526e1f404b23213bd733167ab770c3989b4d"
"checksum rustc-serialize 0.3.24 (registry+https://github.com/rust-lang/crates.io-index)" = "dcf128d1287d2ea9d80910b5f1120d0b8eede3fbf1abe91c40d39ea7d51e6fda"
"checksum sdl2 0.24.0 (git+https://github.com/AngryLawyer/rust-sdl2?rev=62e08b3d4d0a043215165231cd093964260c4510)" = "<none>"
"checksum sdl2-sys 0.24.0 (git+https://github.com/AngryLawyer/rust-sdl2?rev=62e08b3d4d0a043215165231cd093964260c4510)" = "<none>"
"checksum syn 0.7.1 (registry+https://github.com/rust-lang/crates.io-index)" = "2d25c61533bd33b0badb0b96178731a19407586f8a2547753095109c142e5242"
"checksum time 0.1.37 (registry+https://github.com/rust-lang/crates.io-index)" = "ffd7ccbf969a892bf83f1e441126968a07a3941c24ff522a26af9f9f4585d1a3"
"checksum winapi 0.2.8 (registry+https://github.com/rust-lang/crates.io-index)" = "167dc9d6949a9b857f3451275e911c3f44255842c1f7a76f33c55103a909087a"
"checksum winapi-build 0.1.1 (registry+https://github.com/rust-lang/crates.io-index)" = "2d315eee3b34aca4797b2da6b13ed88266e6d612562a0c46390af8299fc699bc"
